
Microsoft Visual Studio Solution File, Format Version 12.00
# Visual Studio Version 17
VisualStudioVersion = 17.5.33414.496
MinimumVisualStudioVersion = 10.0.40219.1
Project("{FAE04EC0-301F-11D3-BF4B-00C04F79EFBC}") = "YBTE8G_HFT_2023241", "YBTE8G_HFT_2023241\YBTE8G_HFT_2023241.csproj", "{36F1AE00-703E-435E-8476-C33A3219EB5C}"
EndProject
Project("{FAE04EC0-301F-11D3-BF4B-00C04F79EFBC}") = "YBTE8G_HFT_2023241.Models", "YBTE8G_HFT_2023241.Models\YBTE8G_HFT_2023241.Models.csproj", "{06BAA800-A52C-4942-AE0F-EDC54CFE22D6}"
EndProject
Project("{FAE04EC0-301F-11D3-BF4B-00C04F79EFBC}") = "YBTE8G_HFT_2023241.Logic", "YBTE8G_HFT_2023241.Logic\YBTE8G_HFT_2023241.Logic.csproj", "{6E5E8B87-C730-44EB-859A-60BD4DBFEE98}"
EndProject
Project("{FAE04EC0-301F-11D3-BF4B-00C04F79EFBC}") = "YBTE8G_HFT_2023241.Repository", "YBTE8G_HFT_2023241.Repository\YBTE8G_HFT_2023241.Repository.csproj", "{8C4271BB-64F6-49AD-B473-EEE5CD6A6BC9}"
EndProject
Project("{FAE04EC0-301F-11D3-BF4B-00C04F79EFBC}") = "YBTE8G_HFT_2023241.Endpoint", "YBTE8G_HFT_2023241.Endpoint\YBTE8G_HFT_2023241.Endpoint.csproj", "{AFB64733-4226-447D-AA84-DED403883777}"
EndProject
Project("{FAE04EC0-301F-11D3-BF4B-00C04F79EFBC}") = "YBTE8G_HFT_2023241.Test", "YBTE8G_HFT_2023241.Test\YBTE8G_HFT_2023241.Test.csproj", "{3FB041D5-57B5-43D1-9E96-22449E40CF90}"
EndProject
Project("{2150E333-8FDC-42A3-9474-1A3956D46DE8}") = "BackEnd", "BackEnd", "{A7287A66-5F64-4D73-8B68-C04A9B569D6B}"
EndProject
Project("{2150E333-8FDC-42A3-9474-1A3956D46DE8}") = "Frontend", "Frontend", "{1850B03F-019D-41FC-B90B-03AC23885B1C}"
EndProject
Project("{2150E333-8FDC-42A3-9474-1A3956D46DE8}") = "Shared", "Shared", "{7E034548-7B6F-4F6B-85F2-CE074F927A6E}"
EndProject
Project("{FAE04EC0-301F-11D3-BF4B-00C04F79EFBC}") = "YBTE8G_HFT_2023241.Client", "YBTE8G_HFT_2023241.Client\YBTE8G_HFT_2023241.Client.csproj", "{C0A8274A-69C4-4A0B-8BE4-1B56ABBE2722}"
EndProject
Global
	GlobalSection(SolutionConfigurationPlatforms) = preSolution
		Debug|Any CPU = Debug|Any CPU
		Release|Any CPU = Release|Any CPU
	EndGlobalSection
	GlobalSection(ProjectConfigurationPlatforms) = postSolution
		{36F1AE00-703E-435E-8476-C33A3219EB5C}.Debug|Any CPU.ActiveCfg = Debug|Any CPU
		{36F1AE00-703E-435E-8476-C33A3219EB5C}.Debug|Any CPU.Build.0 = Debug|Any CPU
		{36F1AE00-703E-435E-8476-C33A3219EB5C}.Release|Any CPU.ActiveCfg = Release|Any CPU
		{36F1AE00-703E-435E-8476-C33A3219EB5C}.Release|Any CPU.Build.0 = Release|Any CPU
		{06BAA800-A52C-4942-AE0F-EDC54CFE22D6}.Debug|Any CPU.ActiveCfg = Debug|Any CPU
		{06BAA800-A52C-4942-AE0F-EDC54CFE22D6}.Debug|Any CPU.Build.0 = Debug|Any CPU
		{06BAA800-A52C-4942-AE0F-EDC54CFE22D6}.Release|Any CPU.ActiveCfg = Release|Any CPU
		{06BAA800-A52C-4942-AE0F-EDC54CFE22D6}.Release|Any CPU.Build.0 = Release|Any CPU
		{6E5E8B87-C730-44EB-859A-60BD4DBFEE98}.Debug|Any CPU.ActiveCfg = Debug|Any CPU
		{6E5E8B87-C730-44EB-859A-60BD4DBFEE98}.Debug|Any CPU.Build.0 = Debug|Any CPU
		{6E5E8B87-C730-44EB-859A-60BD4DBFEE98}.Release|Any CPU.ActiveCfg = Release|Any CPU
		{6E5E8B87-C730-44EB-859A-60BD4DBFEE98}.Release|Any CPU.Build.0 = Release|Any CPU
		{8C4271BB-64F6-49AD-B473-EEE5CD6A6BC9}.Debug|Any CPU.ActiveCfg = Debug|Any CPU
		{8C4271BB-64F6-49AD-B473-EEE5CD6A6BC9}.Debug|Any CPU.Build.0 = Debug|Any CPU
		{8C4271BB-64F6-49AD-B473-EEE5CD6A6BC9}.Release|Any CPU.ActiveCfg = Release|Any CPU
		{8C4271BB-64F6-49AD-B473-EEE5CD6A6BC9}.Release|Any CPU.Build.0 = Release|Any CPU
		{AFB64733-4226-447D-AA84-DED403883777}.Debug|Any CPU.ActiveCfg = Debug|Any CPU
		{AFB64733-4226-447D-AA84-DED403883777}.Debug|Any CPU.Build.0 = Debug|Any CPU
		{AFB64733-4226-447D-AA84-DED403883777}.Release|Any CPU.ActiveCfg = Release|Any CPU
		{AFB64733-4226-447D-AA84-DED403883777}.Release|Any CPU.Build.0 = Release|Any CPU
		{3FB041D5-57B5-43D1-9E96-22449E40CF90}.Debug|Any CPU.ActiveCfg = Debug|Any CPU
		{3FB041D5-57B5-43D1-9E96-22449E40CF90}.Debug|Any CPU.Build.0 = Debug|Any CPU
		{3FB041D5-57B5-43D1-9E96-22449E40CF90}.Release|Any CPU.ActiveCfg = Release|Any CPU
		{3FB041D5-57B5-43D1-9E96-22449E40CF90}.Release|Any CPU.Build.0 = Release|Any CPU
		{C0A8274A-69C4-4A0B-8BE4-1B56ABBE2722}.Debug|Any CPU.ActiveCfg = Debug|Any CPU
		{C0A8274A-69C4-4A0B-8BE4-1B56ABBE2722}.Debug|Any CPU.Build.0 = Debug|Any CPU
		{C0A8274A-69C4-4A0B-8BE4-1B56ABBE2722}.Release|Any CPU.ActiveCfg = Release|Any CPU
		{C0A8274A-69C4-4A0B-8BE4-1B56ABBE2722}.Release|Any CPU.Build.0 = Release|Any CPU
	EndGlobalSection
	GlobalSection(SolutionProperties) = preSolution
		HideSolutionNode = FALSE
	EndGlobalSection
	GlobalSection(NestedProjects) = preSolution
		{06BAA800-A52C-4942-AE0F-EDC54CFE22D6} = {7E034548-7B6F-4F6B-85F2-CE074F927A6E}
		{6E5E8B87-C730-44EB-859A-60BD4DBFEE98} = {A7287A66-5F64-4D73-8B68-C04A9B569D6B}
		{8C4271BB-64F6-49AD-B473-EEE5CD6A6BC9} = {A7287A66-5F64-4D73-8B68-C04A9B569D6B}
		{AFB64733-4226-447D-AA84-DED403883777} = {A7287A66-5F64-4D73-8B68-C04A9B569D6B}
		{3FB041D5-57B5-43D1-9E96-22449E40CF90} = {A7287A66-5F64-4D73-8B68-C04A9B569D6B}
		{C0A8274A-69C4-4A0B-8BE4-1B56ABBE2722} = {1850B03F-019D-41FC-B90B-03AC23885B1C}
	EndGlobalSection
	GlobalSection(ExtensibilityGlobals) = postSolution
		SolutionGuid = {DD26771D-6252-4DA5-B7AC-AE1F535DFB54}
	EndGlobalSection
EndGlobal
